
Microsoft Visual Studio Solution File, Format Version 12.00
# Visual Studio 2017
Project("{FAE04EC0-301F-11D3-BF4B-00C04F79EFBC}") = "Monster Game 2D", "Monster Game 2D.csproj", "{29234769-00D6-C0C6-7F0E-50C91A6AD270}"
EndProject
Global
	GlobalSection(SolutionConfigurationPlatforms) = preSolution
		Debug|Any CPU = Debug|Any CPU
		Release|Any CPU = Release|Any CPU
	EndGlobalSection
	GlobalSection(ProjectConfigurationPlatforms) = postSolution
		{29234769-00D6-C0C6-7F0E-50C91A6AD270}.Debug|Any CPU.ActiveCfg = Debug|Any CPU
		{29234769-00D6-C0C6-7F0E-50C91A6AD270}.Debug|Any CPU.Build.0 = Debug|Any CPU
		{29234769-00D6-C0C6-7F0E-50C91A6AD270}.Release|Any CPU.ActiveCfg = Release|Any CPU
		{29234769-00D6-C0C6-7F0E-50C91A6AD270}.Release|Any CPU.Build.0 = Release|Any CPU
	EndGlobalSection
	GlobalSection(SolutionProperties) = preSolution
		HideSolutionNode = FALSE
	EndGlobalSection
EndGlobal
